
Microsoft Visual Studio Solution File, Format Version 12.00
# Visual Studio Version 16
VisualStudioVersion = 16.0.30517.126
MinimumVisualStudioVersion = 10.0.40219.1
Project("{FAE04EC0-301F-11D3-BF4B-00C04F79EFBC}") = "SampleDesktop", "SampleDesktop\SampleDesktop.csproj", "{E9534146-E238-47B8-81ED-7F549A396626}"
EndProject
Global
	GlobalSection(SolutionConfigurationPlatforms) = preSolution
		Debug|Any CPU = Debug|Any CPU
		Release|Any CPU = Release|Any CPU
	EndGlobalSection
	GlobalSection(ProjectConfigurationPlatforms) = postSolution
		{E9534146-E238-47B8-81ED-7F549A396626}.Debug|Any CPU.ActiveCfg = Debug|Any CPU
		{E9534146-E238-47B8-81ED-7F549A396626}.Debug|Any CPU.Build.0 = Debug|Any CPU
		{E9534146-E238-47B8-81ED-7F549A396626}.Release|Any CPU.ActiveCfg = Release|Any CPU
		{E9534146-E238-47B8-81ED-7F549A396626}.Release|Any CPU.Build.0 = Release|Any CPU
	EndGlobalSection
	GlobalSection(SolutionProperties) = preSolution
		HideSolutionNode = FALSE
	EndGlobalSection
	GlobalSection(ExtensibilityGlobals) = postSolution
		SolutionGuid = {9C598CD7-0D51-4AB7-83DE-45EA168C85E1}
	EndGlobalSection
EndGlobal
